
Microsoft Visual Studio Solution File, Format Version 12.00
# Visual Studio 14
VisualStudioVersion = 14.0.25420.1
MinimumVisualStudioVersion = 10.0.40219.1
Project("{FAE04EC0-301F-11D3-BF4B-00C04F79EFBC}") = "TorrentDownloader", "TorrentDownloader\TorrentDownloader.csproj", "{23DA5C63-8EA0-409C-906F-F19B06A4B388}"
EndProject
Project("{FAE04EC0-301F-11D3-BF4B-00C04F79EFBC}") = "TorrentDownloaderUnitTest", "TorrentDownloaderUnitTest\TorrentDownloaderUnitTest.csproj", "{CCDFC56E-0868-480F-81CA-2C8AEA73750D}"
EndProject
Global
	GlobalSection(SolutionConfigurationPlatforms) = preSolution
		Debug|Any CPU = Debug|Any CPU
		Release|Any CPU = Release|Any CPU
	EndGlobalSection
	GlobalSection(ProjectConfigurationPlatforms) = postSolution
		{23DA5C63-8EA0-409C-906F-F19B06A4B388}.Debug|Any CPU.ActiveCfg = Debug|Any CPU
		{23DA5C63-8EA0-409C-906F-F19B06A4B388}.Debug|Any CPU.Build.0 = Debug|Any CPU
		{23DA5C63-8EA0-409C-906F-F19B06A4B388}.Release|Any CPU.ActiveCfg = Release|Any CPU
		{23DA5C63-8EA0-409C-906F-F19B06A4B388}.Release|Any CPU.Build.0 = Release|Any CPU
		{CCDFC56E-0868-480F-81CA-2C8AEA73750D}.Debug|Any CPU.ActiveCfg = Debug|Any CPU
		{CCDFC56E-0868-480F-81CA-2C8AEA73750D}.Debug|Any CPU.Build.0 = Debug|Any CPU
		{CCDFC56E-0868-480F-81CA-2C8AEA73750D}.Release|Any CPU.ActiveCfg = Release|Any CPU
		{CCDFC56E-0868-480F-81CA-2C8AEA73750D}.Release|Any CPU.Build.0 = Release|Any CPU
	EndGlobalSection
	GlobalSection(SolutionProperties) = preSolution
		HideSolutionNode = FALSE
	EndGlobalSection
EndGlobal
